
Microsoft Visual Studio Solution File, Format Version 12.00
# Visual Studio Version 17
VisualStudioVersion = 17.5.33530.505
MinimumVisualStudioVersion = 10.0.40219.1
Project("{FAE04EC0-301F-11D3-BF4B-00C04F79EFBC}") = "Parcial2", "Parcial2\Parcial2.csproj", "{DC9B4A2D-788B-444E-9253-276E5586EA8D}"
EndProject
Global
	GlobalSection(SolutionConfigurationPlatforms) = preSolution
		Debug|Any CPU = Debug|Any CPU
		Release|Any CPU = Release|Any CPU
	EndGlobalSection
	GlobalSection(ProjectConfigurationPlatforms) = postSolution
		{DC9B4A2D-788B-444E-9253-276E5586EA8D}.Debug|Any CPU.ActiveCfg = Debug|Any CPU
		{DC9B4A2D-788B-444E-9253-276E5586EA8D}.Debug|Any CPU.Build.0 = Debug|Any CPU
		{DC9B4A2D-788B-444E-9253-276E5586EA8D}.Release|Any CPU.ActiveCfg = Release|Any CPU
		{DC9B4A2D-788B-444E-9253-276E5586EA8D}.Release|Any CPU.Build.0 = Release|Any CPU
	EndGlobalSection
	GlobalSection(SolutionProperties) = preSolution
		HideSolutionNode = FALSE
	EndGlobalSection
	GlobalSection(ExtensibilityGlobals) = postSolution
		SolutionGuid = {8A9CCBB7-4DA4-449C-8A3E-30E076AA1A8E}
	EndGlobalSection
EndGlobal
